
Microsoft Visual Studio Solution File, Format Version 12.00
Project("{FAE04EC0-301F-11D3-BF4B-00C04F79EFBC}") = "WebAPI_Basics", "WebAPI_Basics\WebAPI_Basics.csproj", "{E80644D0-1BCA-416E-9D38-EB28D75C299C}"
EndProject
Project("{FAE04EC0-301F-11D3-BF4B-00C04F79EFBC}") = "WebAPI_Basics.Tests", "WebAPI_Basics.Tests\WebAPI_Basics.Tests.csproj", "{6BAA38A6-FD02-42E5-AC9E-B5EA4EEF6069}"
EndProject
Global
	GlobalSection(SolutionConfigurationPlatforms) = preSolution
		Debug|Any CPU = Debug|Any CPU
		Debug|x64 = Debug|x64
		Debug|x86 = Debug|x86
		Release|Any CPU = Release|Any CPU
		Release|x64 = Release|x64
		Release|x86 = Release|x86
	EndGlobalSection
	GlobalSection(ProjectConfigurationPlatforms) = postSolution
		{E80644D0-1BCA-416E-9D38-EB28D75C299C}.Debug|Any CPU.ActiveCfg = Debug|Any CPU
		{E80644D0-1BCA-416E-9D38-EB28D75C299C}.Debug|Any CPU.Build.0 = Debug|Any CPU
		{E80644D0-1BCA-416E-9D38-EB28D75C299C}.Debug|x64.ActiveCfg = Debug|Any CPU
		{E80644D0-1BCA-416E-9D38-EB28D75C299C}.Debug|x64.Build.0 = Debug|Any CPU
		{E80644D0-1BCA-416E-9D38-EB28D75C299C}.Debug|x86.ActiveCfg = Debug|Any CPU
		{E80644D0-1BCA-416E-9D38-EB28D75C299C}.Debug|x86.Build.0 = Debug|Any CPU
		{E80644D0-1BCA-416E-9D38-EB28D75C299C}.Release|Any CPU.ActiveCfg = Release|Any CPU
		{E80644D0-1BCA-416E-9D38-EB28D75C299C}.Release|Any CPU.Build.0 = Release|Any CPU
		{E80644D0-1BCA-416E-9D38-EB28D75C299C}.Release|x64.ActiveCfg = Release|Any CPU
		{E80644D0-1BCA-416E-9D38-EB28D75C299C}.Release|x64.Build.0 = Release|Any CPU
		{E80644D0-1BCA-416E-9D38-EB28D75C299C}.Release|x86.ActiveCfg = Release|Any CPU
		{E80644D0-1BCA-416E-9D38-EB28D75C299C}.Release|x86.Build.0 = Release|Any CPU
		{6BAA38A6-FD02-42E5-AC9E-B5EA4EEF6069}.Debug|Any CPU.ActiveCfg = Debug|Any CPU
		{6BAA38A6-FD02-42E5-AC9E-B5EA4EEF6069}.Debug|Any CPU.Build.0 = Debug|Any CPU
		{6BAA38A6-FD02-42E5-AC9E-B5EA4EEF6069}.Debug|x64.ActiveCfg = Debug|Any CPU
		{6BAA38A6-FD02-42E5-AC9E-B5EA4EEF6069}.Debug|x64.Build.0 = Debug|Any CPU
		{6BAA38A6-FD02-42E5-AC9E-B5EA4EEF6069}.Debug|x86.ActiveCfg = Debug|Any CPU
		{6BAA38A6-FD02-42E5-AC9E-B5EA4EEF6069}.Debug|x86.Build.0 = Debug|Any CPU
		{6BAA38A6-FD02-42E5-AC9E-B5EA4EEF6069}.Release|Any CPU.ActiveCfg = Release|Any CPU
		{6BAA38A6-FD02-42E5-AC9E-B5EA4EEF6069}.Release|Any CPU.Build.0 = Release|Any CPU
		{6BAA38A6-FD02-42E5-AC9E-B5EA4EEF6069}.Release|x64.ActiveCfg = Release|Any CPU
		{6BAA38A6-FD02-42E5-AC9E-B5EA4EEF6069}.Release|x64.Build.0 = Release|Any CPU
		{6BAA38A6-FD02-42E5-AC9E-B5EA4EEF6069}.Release|x86.ActiveCfg = Release|Any CPU
		{6BAA38A6-FD02-42E5-AC9E-B5EA4EEF6069}.Release|x86.Build.0 = Release|Any CPU
	EndGlobalSection
	GlobalSection(SolutionProperties) = preSolution
		HideSolutionNode = FALSE
	EndGlobalSection
EndGlobal
